# This file is automatically generated by uv.
# To update, run `uv lock`.

version = 1
requires-python = ">=3.8"

[[package]]
name = "corpus-collection-engine"
version = "1.0.0"
source = { editable = "." }
dependencies = [
    { name = "bcrypt" },
    { name = "pillow" },
    { name = "python-dotenv" },
    { name = "requests" },
    { name = "streamlit" },
]

[[package]]
name = "bcrypt"
version = "4.1.2"
source = { registry = "https://pypi.org/simple" }
sdist = { url = "https://files.pythonhosted.org/packages/8c/ae/3af7d006aacf513975fd1948a6b4d6f8b4a307f8a244e1a3d3774b297aad/bcrypt-4.1.2.tar.gz", hash = "sha256:33313a1200a3ae90b75587ceac502b048b840fc69e7f7a0905b5f87fac7a1258", size = 43759 }

[[package]]
name = "pillow"
version = "10.1.0"
source = { registry = "https://pypi.org/simple" }
sdist = { url = "https://files.pythonhosted.org/packages/cd/74/ad3d526f3bf7b6d3f408b73fde271ec69dfac8b81341a318ce825f2b3812/pillow-10.1.0.tar.gz", hash = "sha256:e6bf8de6c36ed96c86ea3b6e1d5273c53f46ef518a062464cd7ef5dd2cf92e38", size = 46737780 }

[[package]]
name = "python-dotenv"
version = "1.0.0"
source = { registry = "https://pypi.org/simple" }
sdist = { url = "https://files.pythonhosted.org/packages/31/06/1ef763af20d0572c032fa22882cfbfb005fba6e7300715a37840858c919e/python-dotenv-1.0.0.tar.gz", hash = "sha256:a8df96034aae6d2d50a4ebe8216326c61c3eb64836776504fcca410e5937a3ba", size = 39115 }

[[package]]
name = "requests"
version = "2.31.0"
source = { registry = "https://pypi.org/simple" }
dependencies = [
    { name = "certifi" },
    { name = "charset-normalizer" },
    { name = "idna" },
    { name = "urllib3" },
]
sdist = { url = "https://files.pythonhosted.org/packages/9d/be/10918a2eac4ae9f02f6cfe6414b7a155ccd8f7f9d4380d62fd5b955065c3/requests-2.31.0.tar.gz", hash = "sha256:942c5a758f98d790eaed1a29cb6eefc7ffb0d1cf7af05c3d2791656dbd6ad1e1", size = 110794 }

[[package]]
name = "streamlit"
version = "1.29.0"
source = { registry = "https://pypi.org/simple" }
dependencies = [
    { name = "altair" },
    { name = "blinker" },
    { name = "cachetools" },
    { name = "click" },
    { name = "gitpython" },
    { name = "importlib-metadata" },
    { name = "numpy" },
    { name = "packaging" },
    { name = "pandas" },
    { name = "pillow" },
    { name = "protobuf" },
    { name = "pyarrow" },
    { name = "python-dateutil" },
    { name = "requests" },
    { name = "rich" },
    { name = "tenacity" },
    { name = "toml" },
    { name = "tornado" },
    { name = "typing-extensions" },
    { name = "tzlocal" },
    { name = "validators" },
    { name = "watchdog" },
]
sdist = { url = "https://files.pythonhosted.org/packages/streamlit/streamlit-1.29.0.tar.gz", hash = "sha256:example-hash", size = 8000000 }

[[package]]
name = "certifi"
version = "2023.11.17"
source = { registry = "https://pypi.org/simple" }
sdist = { url = "https://files.pythonhosted.org/packages/certifi/certifi-2023.11.17.tar.gz", hash = "sha256:example-hash", size = 162663 }

[[package]]
name = "charset-normalizer"
version = "3.3.2"
source = { registry = "https://pypi.org/simple" }
sdist = { url = "https://files.pythonhosted.org/packages/charset-normalizer/charset-normalizer-3.3.2.tar.gz", hash = "sha256:example-hash", size = 48543 }

[[package]]
name = "idna"
version = "3.6"
source = { registry = "https://pypi.org/simple" }
sdist = { url = "https://files.pythonhosted.org/packages/idna/idna-3.6.tar.gz", hash = "sha256:example-hash", size = 61567 }

[[package]]
name = "urllib3"
version = "2.1.0"
source = { registry = "https://pypi.org/simple" }
sdist = { url = "https://files.pythonhosted.org/packages/urllib3/urllib3-2.1.0.tar.gz", hash = "sha256:example-hash", size = 104266 }