# This file is automatically generated by uv.
# To update, run `uv lock`.

version = 1
requires-python = ">=3.8"

[[package]]
name = "corpus-collection-engine"
version = "1.0.0"
source = { editable = "." }
dependencies = [
    { name = "bcrypt" },
    { name = "pillow" },
    { name = "python-dotenv" },
    { name = "requests" },
    { name = "streamlit" },
]

[[package]]
name = "bcrypt"
version = "4.1.2"
source = { registry = "https://pypi.org/simple" }

[[package]]
name = "pillow"
version = "10.1.0"
source = { registry = "https://pypi.org/simple" }

[[package]]
name = "python-dotenv"
version = "1.0.0"
source = { registry = "https://pypi.org/simple" }

[[package]]
name = "requests"
version = "2.31.0"
source = { registry = "https://pypi.org/simple" }
dependencies = [
    { name = "certifi" },
    { name = "charset-normalizer" },
    { name = "idna" },
    { name = "urllib3" },
]

[[package]]
name = "streamlit"
version = "1.29.0"
source = { registry = "https://pypi.org/simple" }
dependencies = [
    { name = "altair" },
    { name = "blinker" },
    { name = "cachetools" },
    { name = "click" },
    { name = "gitpython" },
    { name = "importlib-metadata" },
    { name = "numpy" },
    { name = "packaging" },
    { name = "pandas" },
    { name = "pillow" },
    { name = "protobuf" },
    { name = "pyarrow" },
    { name = "python-dateutil" },
    { name = "requests" },
    { name = "rich" },
    { name = "tenacity" },
    { name = "toml" },
    { name = "tornado" },
    { name = "typing-extensions" },
    { name = "tzlocal" },
    { name = "validators" },
    { name = "watchdog" },
]

[[package]]
name = "certifi"
version = "2023.11.17"
source = { registry = "https://pypi.org/simple" }

[[package]]
name = "charset-normalizer"
version = "3.3.2"
source = { registry = "https://pypi.org/simple" }

[[package]]
name = "idna"
version = "3.6"
source = { registry = "https://pypi.org/simple" }

[[package]]
name = "urllib3"
version = "2.1.0"
source = { registry = "https://pypi.org/simple" }